
Microsoft Visual Studio Solution File, Format Version 12.00
# Visual Studio Version 17
VisualStudioVersion = 17.14.36414.22 d17.14
MinimumVisualStudioVersion = 10.0.40219.1
Project("{FAE04EC0-301F-11D3-BF4B-00C04F79EFBC}") = "GradingSystem", "GradingSystem\GradingSystem.csproj", "{4D756832-3913-4FD1-A029-BA53450E77EC}"
EndProject
Global
	GlobalSection(SolutionConfigurationPlatforms) = preSolution
		Debug|Any CPU = Debug|Any CPU
		Release|Any CPU = Release|Any CPU
	EndGlobalSection
	GlobalSection(ProjectConfigurationPlatforms) = postSolution
		{4D756832-3913-4FD1-A029-BA53450E77EC}.Debug|Any CPU.ActiveCfg = Debug|Any CPU
		{4D756832-3913-4FD1-A029-BA53450E77EC}.Debug|Any CPU.Build.0 = Debug|Any CPU
		{4D756832-3913-4FD1-A029-BA53450E77EC}.Release|Any CPU.ActiveCfg = Release|Any CPU
		{4D756832-3913-4FD1-A029-BA53450E77EC}.Release|Any CPU.Build.0 = Release|Any CPU
	EndGlobalSection
	GlobalSection(SolutionProperties) = preSolution
		HideSolutionNode = FALSE
	EndGlobalSection
	GlobalSection(ExtensibilityGlobals) = postSolution
		SolutionGuid = {17FF8244-DA6E-4837-A728-B389B6832A4C}
	EndGlobalSection
EndGlobal
